
Microsoft Visual Studio Solution File, Format Version 12.00
# Visual Studio Version 17
VisualStudioVersion = 17.9.34728.123
MinimumVisualStudioVersion = 10.0.40219.1
Project("{FAE04EC0-301F-11D3-BF4B-00C04F79EFBC}") = "ZadaniaDomowe", "ZadaniaDomowe\ZadaniaDomowe.csproj", "{F6824205-8698-48B8-AC0E-F6372188D6F1}"
EndProject
Global
	GlobalSection(SolutionConfigurationPlatforms) = preSolution
		Debug|Any CPU = Debug|Any CPU
		Release|Any CPU = Release|Any CPU
	EndGlobalSection
	GlobalSection(ProjectConfigurationPlatforms) = postSolution
		{F6824205-8698-48B8-AC0E-F6372188D6F1}.Debug|Any CPU.ActiveCfg = Debug|Any CPU
		{F6824205-8698-48B8-AC0E-F6372188D6F1}.Debug|Any CPU.Build.0 = Debug|Any CPU
		{F6824205-8698-48B8-AC0E-F6372188D6F1}.Release|Any CPU.ActiveCfg = Release|Any CPU
		{F6824205-8698-48B8-AC0E-F6372188D6F1}.Release|Any CPU.Build.0 = Release|Any CPU
	EndGlobalSection
	GlobalSection(SolutionProperties) = preSolution
		HideSolutionNode = FALSE
	EndGlobalSection
	GlobalSection(ExtensibilityGlobals) = postSolution
		SolutionGuid = {F6F165A7-3FA5-4777-8611-ADDE93CA8A0F}
	EndGlobalSection
EndGlobal
